
Microsoft Visual Studio Solution File, Format Version 12.00
# Visual Studio Version 17
VisualStudioVersion = 17.9.34728.123
MinimumVisualStudioVersion = 10.0.40219.1
Project("{2150E333-8FDC-42A3-9474-1A3956D46DE8}") = "src", "src", "{A1000000-0000-0000-0000-000000000001}"
EndProject
Project("{2150E333-8FDC-42A3-9474-1A3956D46DE8}") = "tests", "tests", "{A1000000-0000-0000-0000-000000000002}"
EndProject
Project("{2150E333-8FDC-42A3-9474-1A3956D46DE8}") = "docs", "docs", "{A1000000-0000-0000-0000-000000000003}"
EndProject
Project("{FAE04EC0-301F-11D3-BF4B-00C04F79EFBC}") = "AdegaDoRatao.Domain", "src\AdegaDoRatao.Domain\AdegaDoRatao.Domain.csproj", "{C1784089-1646-462E-B6DB-611D433DB7C5}"
EndProject
Project("{FAE04EC0-301F-11D3-BF4B-00C04F79EFBC}") = "AdegaDoRatao.Application", "src\AdegaDoRatao.Application\AdegaDoRatao.Application.csproj", "{19220639-D65D-4850-ADFA-B8C5F92EB63F}"
EndProject
Project("{FAE04EC0-301F-11D3-BF4B-00C04F79EFBC}") = "AdegaDoRatao.Infrastructure", "src\AdegaDoRatao.Infrastructure\AdegaDoRatao.Infrastructure.csproj", "{E3BB554D-7CAD-4C24-AABD-69102C0A1CB0}"
EndProject
Project("{FAE04EC0-301F-11D3-BF4B-00C04F79EFBC}") = "AdegaDoRatao.API", "src\AdegaDoRatao.API\AdegaDoRatao.API.csproj", "{777A111B-13B3-4C16-881F-419014F26651}"
EndProject
Project("{FAE04EC0-301F-11D3-BF4B-00C04F79EFBC}") = "AdegaDoRatao.UnitTests", "tests\AdegaDoRatao.UnitTests\AdegaDoRatao.UnitTests.csproj", "{6003ADBB-0334-4A4F-B392-E3E71A5DE1B7}"
EndProject
Project("{FAE04EC0-301F-11D3-BF4B-00C04F79EFBC}") = "AdegaDoRatao.IntegrationTests", "tests\AdegaDoRatao.IntegrationTests\AdegaDoRatao.IntegrationTests.csproj", "{2CD3C30E-F4C9-4518-8FC9-7BF5728BB8F4}"
EndProject
Global
	GlobalSection(SolutionConfigurationPlatforms) = preSolution
		Debug|Any CPU = Debug|Any CPU
		Release|Any CPU = Release|Any CPU
	EndGlobalSection
	GlobalSection(ProjectConfigurationPlatforms) = postSolution
		{C1784089-1646-462E-B6DB-611D433DB7C5}.Debug|Any CPU.ActiveCfg = Debug|Any CPU
		{C1784089-1646-462E-B6DB-611D433DB7C5}.Debug|Any CPU.Build.0 = Debug|Any CPU
		{C1784089-1646-462E-B6DB-611D433DB7C5}.Release|Any CPU.ActiveCfg = Release|Any CPU
		{C1784089-1646-462E-B6DB-611D433DB7C5}.Release|Any CPU.Build.0 = Release|Any CPU
		{19220639-D65D-4850-ADFA-B8C5F92EB63F}.Debug|Any CPU.ActiveCfg = Debug|Any CPU
		{19220639-D65D-4850-ADFA-B8C5F92EB63F}.Debug|Any CPU.Build.0 = Debug|Any CPU
		{19220639-D65D-4850-ADFA-B8C5F92EB63F}.Release|Any CPU.ActiveCfg = Release|Any CPU
		{19220639-D65D-4850-ADFA-B8C5F92EB63F}.Release|Any CPU.Build.0 = Release|Any CPU
		{E3BB554D-7CAD-4C24-AABD-69102C0A1CB0}.Debug|Any CPU.ActiveCfg = Debug|Any CPU
		{E3BB554D-7CAD-4C24-AABD-69102C0A1CB0}.Debug|Any CPU.Build.0 = Debug|Any CPU
		{E3BB554D-7CAD-4C24-AABD-69102C0A1CB0}.Release|Any CPU.ActiveCfg = Release|Any CPU
		{E3BB554D-7CAD-4C24-AABD-69102C0A1CB0}.Release|Any CPU.Build.0 = Release|Any CPU
		{777A111B-13B3-4C16-881F-419014F26651}.Debug|Any CPU.ActiveCfg = Debug|Any CPU
		{777A111B-13B3-4C16-881F-419014F26651}.Debug|Any CPU.Build.0 = Debug|Any CPU
		{777A111B-13B3-4C16-881F-419014F26651}.Release|Any CPU.ActiveCfg = Release|Any CPU
		{777A111B-13B3-4C16-881F-419014F26651}.Release|Any CPU.Build.0 = Release|Any CPU
		{6003ADBB-0334-4A4F-B392-E3E71A5DE1B7}.Debug|Any CPU.ActiveCfg = Debug|Any CPU
		{6003ADBB-0334-4A4F-B392-E3E71A5DE1B7}.Debug|Any CPU.Build.0 = Debug|Any CPU
		{6003ADBB-0334-4A4F-B392-E3E71A5DE1B7}.Release|Any CPU.ActiveCfg = Release|Any CPU
		{6003ADBB-0334-4A4F-B392-E3E71A5DE1B7}.Release|Any CPU.Build.0 = Release|Any CPU
		{2CD3C30E-F4C9-4518-8FC9-7BF5728BB8F4}.Debug|Any CPU.ActiveCfg = Debug|Any CPU
		{2CD3C30E-F4C9-4518-8FC9-7BF5728BB8F4}.Debug|Any CPU.Build.0 = Debug|Any CPU
		{2CD3C30E-F4C9-4518-8FC9-7BF5728BB8F4}.Release|Any CPU.ActiveCfg = Release|Any CPU
		{2CD3C30E-F4C9-4518-8FC9-7BF5728BB8F4}.Release|Any CPU.Build.0 = Release|Any CPU
	EndGlobalSection
	GlobalSection(NestedProjects) = preSolution
		{C1784089-1646-462E-B6DB-611D433DB7C5} = {A1000000-0000-0000-0000-000000000001}
		{19220639-D65D-4850-ADFA-B8C5F92EB63F} = {A1000000-0000-0000-0000-000000000001}
		{E3BB554D-7CAD-4C24-AABD-69102C0A1CB0} = {A1000000-0000-0000-0000-000000000001}
		{777A111B-13B3-4C16-881F-419014F26651} = {A1000000-0000-0000-0000-000000000001}
		{6003ADBB-0334-4A4F-B392-E3E71A5DE1B7} = {A1000000-0000-0000-0000-000000000002}
		{2CD3C30E-F4C9-4518-8FC9-7BF5728BB8F4} = {A1000000-0000-0000-0000-000000000002}
	EndGlobalSection
EndGlobal
